// !$*UTF8*$!
{
	archiveVersion = 1;
	classes = {
	};
	objectVersion = 50;
	objects = {

/* Begin PBXBuildFile section */
		88D697C6269E808F00C8D12B /* AppDelegate.swift in Sources */ = {isa = PBXBuildFile; fileRef = 88D697C5269E808F00C8D12B /* AppDelegate.swift */; };
		88D697C8269E808F00C8D12B /* SceneDelegate.swift in Sources */ = {isa = PBXBuildFile; fileRef = 88D697C7269E808F00C8D12B /* SceneDelegate.swift */; };
		88D697CA269E808F00C8D12B /* ViewController.swift in Sources */ = {isa = PBXBuildFile; fileRef = 88D697C9269E808F00C8D12B /* ViewController.swift */; };
		88D697CD269E808F00C8D12B /* Main.storyboard in Resources */ = {isa = PBXBuildFile; fileRef = 88D697CB269E808F00C8D12B /* Main.storyboard */; };
		88D697CF269E809000C8D12B /* Assets.xcassets in Resources */ = {isa = PBXBuildFile; fileRef = 88D697CE269E809000C8D12B /* Assets.xcassets */; };
		88D697D2269E809000C8D12B /* LaunchScreen.storyboard in Resources */ = {isa = PBXBuildFile; fileRef = 88D697D0269E809000C8D12B /* LaunchScreen.storyboard */; };
		88D697DD269E809000C8D12B /* SwiftMD5DemoTests.swift in Sources */ = {isa = PBXBuildFile; fileRef = 88D697DC269E809000C8D12B /* SwiftMD5DemoTests.swift */; };
		88D697E8269E809000C8D12B /* SwiftMD5DemoUITests.swift in Sources */ = {isa = PBXBuildFile; fileRef = 88D697E7269E809000C8D12B /* SwiftMD5DemoUITests.swift */; };
		88D697F7269E80A000C8D12B /* MD5.swift in Sources */ = {isa = PBXBuildFile; fileRef = 88D697F5269E80A000C8D12B /* MD5.swift */; };
		88D697F8269E80A000C8D12B /* PES.swift in Sources */ = {isa = PBXBuildFile; fileRef = 88D697F6269E80A000C8D12B /* PES.swift */; };
/* End PBXBuildFile section */

/* Begin PBXContainerItemProxy section */
		88D697D9269E809000C8D12B /* PBXContainerItemProxy */ = {
			isa = PBXContainerItemProxy;
			containerPortal = 88D697BA269E808F00C8D12B /* Project object */;
			proxyType = 1;
			remoteGlobalIDString = 88D697C1269E808F00C8D12B;
			remoteInfo = SwiftMD5Demo;
		};
		88D697E4269E809000C8D12B /* PBXContainerItemProxy */ = {
			isa = PBXContainerItemProxy;
			containerPortal = 88D697BA269E808F00C8D12B /* Project object */;
			proxyType = 1;
			remoteGlobalIDString = 88D697C1269E808F00C8D12B;
			remoteInfo = SwiftMD5Demo;
		};
/* End PBXContainerItemProxy section */

/* Begin PBXFileReference section */
		88D697C2269E808F00C8D12B /* SwiftMD5Demo.app */ = {isa = PBXFileReference; explicitFileType = wrapper.application; includeInIndex = 0; path = SwiftMD5Demo.app; sourceTree = BUILT_PRODUCTS_DIR; };
		88D697C5269E808F00C8D12B /* AppDelegate.swift */ = {isa = PBXFileReference; lastKnownFileType = sourcecode.swift; path = AppDelegate.swift; sourceTree = "<group>"; };
		88D697C7269E808F00C8D12B /* SceneDelegate.swift */ = {isa = PBXFileReference; lastKnownFileType = sourcecode.swift; path = SceneDelegate.swift; sourceTree = "<group>"; };
		88D697C9269E808F00C8D12B /* ViewController.swift */ = {isa = PBXFileReference; lastKnownFileType = sourcecode.swift; path = ViewController.swift; sourceTree = "<group>"; };
		88D697CC269E808F00C8D12B /* Base */ = {isa = PBXFileReference; lastKnownFileType = file.storyboard; name = Base; path = Base.lproj/Main.storyboard; sourceTree = "<group>"; };
		88D697CE269E809000C8D12B /* Assets.xcassets */ = {isa = PBXFileReference; lastKnownFileType = folder.assetcatalog; path = Assets.xcassets; sourceTree = "<group>"; };
		88D697D1269E809000C8D12B /* Base */ = {isa = PBXFileReference; lastKnownFileType = file.storyboard; name = Base; path = Base.lproj/LaunchScreen.storyboard; sourceTree = "<group>"; };
		88D697D3269E809000C8D12B /* Info.plist */ = {isa = PBXFileReference; lastKnownFileType = text.plist.xml; path = Info.plist; sourceTree = "<group>"; };
		88D697D8269E809000C8D12B /* SwiftMD5DemoTests.xctest */ = {isa = PBXFileReference; explicitFileType = wrapper.cfbundle; includeInIndex = 0; path = SwiftMD5DemoTests.xctest; sourceTree = BUILT_PRODUCTS_DIR; };
		88D697DC269E809000C8D12B /* SwiftMD5DemoTests.swift */ = {isa = PBXFileReference; lastKnownFileType = sourcecode.swift; path = SwiftMD5DemoTests.swift; sourceTree = "<group>"; };
		88D697DE269E809000C8D12B /* Info.plist */ = {isa = PBXFileReference; lastKnownFileType = text.plist.xml; path = Info.plist; sourceTree = "<group>"; };
		88D697E3269E809000C8D12B /* SwiftMD5DemoUITests.xctest */ = {isa = PBXFileReference; explicitFileType = wrapper.cfbundle; includeInIndex = 0; path = SwiftMD5DemoUITests.xctest; sourceTree = BUILT_PRODUCTS_DIR; };
		88D697E7269E809000C8D12B /* SwiftMD5DemoUITests.swift */ = {isa = PBXFileReference; lastKnownFileType = sourcecode.swift; path = SwiftMD5DemoUITests.swift; sourceTree = "<group>"; };
		88D697E9269E809000C8D12B /* Info.plist */ = {isa = PBXFileReference; lastKnownFileType = text.plist.xml; path = Info.plist; sourceTree = "<group>"; };
		88D697F5269E80A000C8D12B /* MD5.swift */ = {isa = PBXFileReference; fileEncoding = 4; lastKnownFileType = sourcecode.swift; path = MD5.swift; sourceTree = "<group>"; };
		88D697F6269E80A000C8D12B /* PES.swift */ = {isa = PBXFileReference; fileEncoding = 4; lastKnownFileType = sourcecode.swift; path = PES.swift; sourceTree = "<group>"; };
/* End PBXFileReference section */

/* Begin PBXFrameworksBuildPhase section */
		88D697BF269E808F00C8D12B /* Frameworks */ = {
			isa = PBXFrameworksBuildPhase;
			buildActionMask = 2147483647;
			files = (
			);
			runOnlyForDeploymentPostprocessing = 0;
		};
		88D697D5269E809000C8D12B /* Frameworks */ = {
			isa = PBXFrameworksBuildPhase;
			buildActionMask = 2147483647;
			files = (
			);
			runOnlyForDeploymentPostprocessing = 0;
		};
		88D697E0269E809000C8D12B /* Frameworks */ = {
			isa = PBXFrameworksBuildPhase;
			buildActionMask = 2147483647;
			files = (
			);
			runOnlyForDeploymentPostprocessing = 0;
		};
/* End PBXFrameworksBuildPhase section */

/* Begin PBXGroup section */
		88D697B9269E808F00C8D12B = {
			isa = PBXGroup;
			children = (
				88D697C4269E808F00C8D12B /* SwiftMD5Demo */,
				88D697DB269E809000C8D12B /* SwiftMD5DemoTests */,
				88D697E6269E809000C8D12B /* SwiftMD5DemoUITests */,
				88D697C3269E808F00C8D12B /* Products */,
			);
			sourceTree = "<group>";
		};
		88D697C3269E808F00C8D12B /* Products */ = {
			isa = PBXGroup;
			children = (
				88D697C2269E808F00C8D12B /* SwiftMD5Demo.app */,
				88D697D8269E809000C8D12B /* SwiftMD5DemoTests.xctest */,
				88D697E3269E809000C8D12B /* SwiftMD5DemoUITests.xctest */,
			);
			name = Products;
			sourceTree = "<group>";
		};
		88D697C4269E808F00C8D12B /* SwiftMD5Demo */ = {
			isa = PBXGroup;
			children = (
				88D697C5269E808F00C8D12B /* AppDelegate.swift */,
				88D697C7269E808F00C8D12B /* SceneDelegate.swift */,
				88D697C9269E808F00C8D12B /* ViewController.swift */,
				88D697F5269E80A000C8D12B /* MD5.swift */,
				88D697F6269E80A000C8D12B /* PES.swift */,
				88D697CB269E808F00C8D12B /* Main.storyboard */,
				88D697CE269E809000C8D12B /* Assets.xcassets */,
				88D697D0269E809000C8D12B /* LaunchScreen.storyboard */,
				88D697D3269E809000C8D12B /* Info.plist */,
			);
			path = SwiftMD5Demo;
			sourceTree = "<group>";
		};
		88D697DB269E809000C8D12B /* SwiftMD5DemoTests */ = {
			isa = PBXGroup;
			children = (
				88D697DC269E809000C8D12B /* SwiftMD5DemoTests.swift */,
				88D697DE269E809000C8D12B /* Info.plist */,
			);
			path = SwiftMD5DemoTests;
			sourceTree = "<group>";
		};
		88D697E6269E809000C8D12B /* SwiftMD5DemoUITests */ = {
			isa = PBXGroup;
			children = (
				88D697E7269E809000C8D12B /* SwiftMD5DemoUITests.swift */,
				88D697E9269E809000C8D12B /* Info.plist */,
			);
			path = SwiftMD5DemoUITests;
			sourceTree = "<group>";
		};
/* End PBXGroup section */

/* Begin PBXNativeTarget section */
		88D697C1269E808F00C8D12B /* SwiftMD5Demo */ = {
			isa = PBXNativeTarget;
			buildConfigurationList = 88D697EC269E809000C8D12B /* Build configuration list for PBXNativeTarget "SwiftMD5Demo" */;
			buildPhases = (
				88D697BE269E808F00C8D12B /* Sources */,
				88D697BF269E808F00C8D12B /* Frameworks */,
				88D697C0269E808F00C8D12B /* Resources */,
			);
			buildRules = (
			);
			dependencies = (
			);
			name = SwiftMD5Demo;
			productName = SwiftMD5Demo;
			productReference = 88D697C2269E808F00C8D12B /* SwiftMD5Demo.app */;
			productType = "com.apple.product-type.application";
		};
		88D697D7269E809000C8D12B /* SwiftMD5DemoTests */ = {
			isa = PBXNativeTarget;
			buildConfigurationList = 88D697EF269E809000C8D12B /* Build configuration list for PBXNativeTarget "SwiftMD5DemoTests" */;
			buildPhases = (
				88D697D4269E809000C8D12B /* Sources */,
				88D697D5269E809000C8D12B /* Frameworks */,
				88D697D6269E809000C8D12B /* Resources */,
			);
			buildRules = (
			);
			dependencies = (
				88D697DA269E809000C8D12B /* PBXTargetDependency */,
			);
			name = SwiftMD5DemoTests;
			productName = SwiftMD5DemoTests;
			productReference = 88D697D8269E809000C8D12B /* SwiftMD5DemoTests.xctest */;
			productType = "com.apple.product-type.bundle.unit-test";
		};
		88D697E2269E809000C8D12B /* SwiftMD5DemoUITests */ = {
			isa = PBXNativeTarget;
			buildConfigurationList = 88D697F2269E809000C8D12B /* Build configuration list for PBXNativeTarget "SwiftMD5DemoUITests" */;
			buildPhases = (
				88D697DF269E809000C8D12B /* Sources */,
				88D697E0269E809000C8D12B /* Frameworks */,
				88D697E1269E809000C8D12B /* Resources */,
			);
			buildRules = (
			);
			dependencies = (
				88D697E5269E809000C8D12B /* PBXTargetDependency */,
			);
			name = SwiftMD5DemoUITests;
			productName = SwiftMD5DemoUITests;
			productReference = 88D697E3269E809000C8D12B /* SwiftMD5DemoUITests.xctest */;
			productType = "com.apple.product-type.bundle.ui-testing";
		};
/* End PBXNativeTarget section */

/* Begin PBXProject section */
		88D697BA269E808F00C8D12B /* Project object */ = {
			isa = PBXProject;
			attributes = {
				LastSwiftUpdateCheck = 1250;
				LastUpgradeCheck = 1250;
				TargetAttributes = {
					88D697C1269E808F00C8D12B = {
						CreatedOnToolsVersion = 12.5.1;
					};
					88D697D7269E809000C8D12B = {
						CreatedOnToolsVersion = 12.5.1;
						TestTargetID = 88D697C1269E808F00C8D12B;
					};
					88D697E2269E809000C8D12B = {
						CreatedOnToolsVersion = 12.5.1;
						TestTargetID = 88D697C1269E808F00C8D12B;
					};
				};
			};
			buildConfigurationList = 88D697BD269E808F00C8D12B /* Build configuration list for PBXProject "SwiftMD5Demo" */;
			compatibilityVersion = "Xcode 9.3";
			developmentRegion = en;
			hasScannedForEncodings = 0;
			knownRegions = (
				en,
				Base,
			);
			mainGroup = 88D697B9269E808F00C8D12B;
			productRefGroup = 88D697C3269E808F00C8D12B /* Products */;
			projectDirPath = "";
			projectRoot = "";
			targets = (
				88D697C1269E808F00C8D12B /* SwiftMD5Demo */,
				88D697D7269E809000C8D12B /* SwiftMD5DemoTests */,
				88D697E2269E809000C8D12B /* SwiftMD5DemoUITests */,
			);
		};
/* End PBXProject section */

/* Begin PBXResourcesBuildPhase section */
		88D697C0269E808F00C8D12B /* Resources */ = {
			isa = PBXResourcesBuildPhase;
			buildActionMask = 2147483647;
			files = (
				88D697D2269E809000C8D12B /* LaunchScreen.storyboard in Resources */,
				88D697CF269E809000C8D12B /* Assets.xcassets in Resources */,
				88D697CD269E808F00C8D12B /* Main.storyboard in Resources */,
			);
			runOnlyForDeploymentPostprocessing = 0;
		};
		88D697D6269E809000C8D12B /* Resources */ = {
			isa = PBXResourcesBuildPhase;
			buildActionMask = 2147483647;
			files = (
			);
			runOnlyForDeploymentPostprocessing = 0;
		};
		88D697E1269E809000C8D12B /* Resources */ = {
			isa = PBXResourcesBuildPhase;
			buildActionMask = 2147483647;
			files = (
			);
			runOnlyForDeploymentPostprocessing = 0;
		};
/* End PBXResourcesBuildPhase section */

/* Begin PBXSourcesBuildPhase section */
		88D697BE269E808F00C8D12B /* Sources */ = {
			isa = PBXSourcesBuildPhase;
			buildActionMask = 2147483647;
			files = (
				88D697CA269E808F00C8D12B /* ViewController.swift in Sources */,
				88D697F8269E80A000C8D12B /* PES.swift in Sources */,
				88D697C6269E808F00C8D12B /* AppDelegate.swift in Sources */,
				88D697F7269E80A000C8D12B /* MD5.swift in Sources */,
				88D697C8269E808F00C8D12B /* SceneDelegate.swift in Sources */,
			);
			runOnlyForDeploymentPostprocessing = 0;
		};
		88D697D4269E809000C8D12B /* Sources */ = {
			isa = PBXSourcesBuildPhase;
			buildActionMask = 2147483647;
			files = (
				88D697DD269E809000C8D12B /* SwiftMD5DemoTests.swift in Sources */,
			);
			runOnlyForDeploymentPostprocessing = 0;
		};
		88D697DF269E809000C8D12B /* Sources */ = {
			isa = PBXSourcesBuildPhase;
			buildActionMask = 2147483647;
			files = (
				88D697E8269E809000C8D12B /* SwiftMD5DemoUITests.swift in Sources */,
			);
			runOnlyForDeploymentPostprocessing = 0;
		};
/* End PBXSourcesBuildPhase section */

/* Begin PBXTargetDependency section */
		88D697DA269E809000C8D12B /* PBXTargetDependency */ = {
			isa = PBXTargetDependency;
			target = 88D697C1269E808F00C8D12B /* SwiftMD5Demo */;
			targetProxy = 88D697D9269E809000C8D12B /* PBXContainerItemProxy */;
		};
		88D697E5269E809000C8D12B /* PBXTargetDependency */ = {
			isa = PBXTargetDependency;
			target = 88D697C1269E808F00C8D12B /* SwiftMD5Demo */;
			targetProxy = 88D697E4269E809000C8D12B /* PBXContainerItemProxy */;
		};
/* End PBXTargetDependency section */

/* Begin PBXVariantGroup section */
		88D697CB269E808F00C8D12B /* Main.storyboard */ = {
			isa = PBXVariantGroup;
			children = (
				88D697CC269E808F00C8D12B /* Base */,
			);
			name = Main.storyboard;
			sourceTree = "<group>";
		};
		88D697D0269E809000C8D12B /* LaunchScreen.storyboard */ = {
			isa = PBXVariantGroup;
			children = (
				88D697D1269E809000C8D12B /* Base */,
			);
			name = LaunchScreen.storyboard;
			sourceTree = "<group>";
		};
/* End PBXVariantGroup section */

/* Begin XCBuildConfiguration section */
		88D697EA269E809000C8D12B /* Debug */ = {
			isa = XCBuildConfiguration;
			buildSettings = {
				ALWAYS_SEARCH_USER_PATHS = NO;
				CLANG_ANALYZER_NONNULL = YES;
				CLANG_ANALYZER_NUMBER_OBJECT_CONVERSION = YES_AGGRESSIVE;
				CLANG_CXX_LANGUAGE_STANDARD = "gnu++14";
				CLANG_CXX_LIBRARY = "libc++";
				CLANG_ENABLE_MODULES = YES;
				CLANG_ENABLE_OBJC_ARC = YES;
				CLANG_ENABLE_OBJC_WEAK = YES;
				CLANG_WARN_BLOCK_CAPTURE_AUTORELEASING = YES;
				CLANG_WARN_BOOL_CONVERSION = YES;
				CLANG_WARN_COMMA = YES;
				CLANG_WARN_CONSTANT_CONVERSION = YES;
				CLANG_WARN_DEPRECATED_OBJC_IMPLEMENTATIONS = YES;
				CLANG_WARN_DIRECT_OBJC_ISA_USAGE = YES_ERROR;
				CLANG_WARN_DOCUMENTATION_COMMENTS = YES;
				CLANG_WARN_EMPTY_BODY = YES;
				CLANG_WARN_ENUM_CONVERSION = YES;
				CLANG_WARN_INFINITE_RECURSION = YES;
				CLANG_WARN_INT_CONVERSION = YES;
				CLANG_WARN_NON_LITERAL_NULL_CONVERSION = YES;
				CLANG_WARN_OBJC_IMPLICIT_RETAIN_SELF = YES;
				CLANG_WARN_OBJC_LITERAL_CONVERSION = YES;
				CLANG_WARN_OBJC_ROOT_CLASS = YES_ERROR;
				CLANG_WARN_QUOTED_INCLUDE_IN_FRAMEWORK_HEADER = YES;
				CLANG_WARN_RANGE_LOOP_ANALYSIS = YES;
				CLANG_WARN_STRICT_PROTOTYPES = YES;
				CLANG_WARN_SUSPICIOUS_MOVE = YES;
				CLANG_WARN_UNGUARDED_AVAILABILITY = YES_AGGRESSIVE;
				CLANG_WARN_UNREACHABLE_CODE = YES;
				CLANG_WARN__DUPLICATE_METHOD_MATCH = YES;
				COPY_PHASE_STRIP = NO;
				DEBUG_INFORMATION_FORMAT = dwarf;
				ENABLE_STRICT_OBJC_MSGSEND = YES;
				ENABLE_TESTABILITY = YES;
				GCC_C_LANGUAGE_STANDARD = gnu11;
				GCC_DYNAMIC_NO_PIC = NO;
				GCC_NO_COMMON_BLOCKS = YES;
				GCC_OPTIMIZATION_LEVEL = 0;
				GCC_PREPROCESSOR_DEFINITIONS = (
					"DEBUG=1",
					"$(inherited)",
				);
				GCC_WARN_64_TO_32_BIT_CONVERSION = YES;
				GCC_WARN_ABOUT_RETURN_TYPE = YES_ERROR;
				GCC_WARN_UNDECLARED_SELECTOR = YES;
				GCC_WARN_UNINITIALIZED_AUTOS = YES_AGGRESSIVE;
				GCC_WARN_UNUSED_FUNCTION = YES;
				GCC_WARN_UNUSED_VARIABLE = YES;
				IPHONEOS_DEPLOYMENT_TARGET = 14.5;
				MTL_ENABLE_DEBUG_INFO = INCLUDE_SOURCE;
				MTL_FAST_MATH = YES;
				ONLY_ACTIVE_ARCH = YES;
				SDKROOT = iphoneos;
				SWIFT_ACTIVE_COMPILATION_CONDITIONS = DEBUG;
				SWIFT_OPTIMIZATION_LEVEL = "-Onone";
			};
			name = Debug;
		};
		88D697EB269E809000C8D12B /* Release */ = {
			isa = XCBuildConfiguration;
			buildSettings = {
				ALWAYS_SEARCH_USER_PATHS = NO;
				CLANG_ANALYZER_NONNULL = YES;
				CLANG_ANALYZER_NUMBER_OBJECT_CONVERSION = YES_AGGRESSIVE;
				CLANG_CXX_LANGUAGE_STANDARD = "gnu++14";
				CLANG_CXX_LIBRARY = "libc++";
				CLANG_ENABLE_MODULES = YES;
				CLANG_ENABLE_OBJC_ARC = YES;
				CLANG_ENABLE_OBJC_WEAK = YES;
				CLANG_WARN_BLOCK_CAPTURE_AUTORELEASING = YES;
				CLANG_WARN_BOOL_CONVERSION = YES;
				CLANG_WARN_COMMA = YES;
				CLANG_WARN_CONSTANT_CONVERSION = YES;
				CLANG_WARN_DEPRECATED_OBJC_IMPLEMENTATIONS = YES;
				CLANG_WARN_DIRECT_OBJC_ISA_USAGE = YES_ERROR;
				CLANG_WARN_DOCUMENTATION_COMMENTS = YES;
				CLANG_WARN_EMPTY_BODY = YES;
				CLANG_WARN_ENUM_CONVERSION = YES;
				CLANG_WARN_INFINITE_RECURSION = YES;
				CLANG_WARN_INT_CONVERSION = YES;
				CLANG_WARN_NON_LITERAL_NULL_CONVERSION = YES;
				CLANG_WARN_OBJC_IMPLICIT_RETAIN_SELF = YES;
				CLANG_WARN_OBJC_LITERAL_CONVERSION = YES;
				CLANG_WARN_OBJC_ROOT_CLASS = YES_ERROR;
				CLANG_WARN_QUOTED_INCLUDE_IN_FRAMEWORK_HEADER = YES;
				CLANG_WARN_RANGE_LOOP_ANALYSIS = YES;
				CLANG_WARN_STRICT_PROTOTYPES = YES;
				CLANG_WARN_SUSPICIOUS_MOVE = YES;
				CLANG_WARN_UNGUARDED_AVAILABILITY = YES_AGGRESSIVE;
				CLANG_WARN_UNREACHABLE_CODE = YES;
				CLANG_WARN__DUPLICATE_METHOD_MATCH = YES;
				COPY_PHASE_STRIP = NO;
				DEBUG_INFORMATION_FORMAT = "dwarf-with-dsym";
				ENABLE_NS_ASSERTIONS = NO;
				ENABLE_STRICT_OBJC_MSGSEND = YES;
				GCC_C_LANGUAGE_STANDARD = gnu11;
				GCC_NO_COMMON_BLOCKS = YES;
				GCC_WARN_64_TO_32_BIT_CONVERSION = YES;
				GCC_WARN_ABOUT_RETURN_TYPE = YES_ERROR;
				GCC_WARN_UNDECLARED_SELECTOR = YES;
				GCC_WARN_UNINITIALIZED_AUTOS = YES_AGGRESSIVE;
				GCC_WARN_UNUSED_FUNCTION = YES;
				GCC_WARN_UNUSED_VARIABLE = YES;
				IPHONEOS_DEPLOYMENT_TARGET = 14.5;
				MTL_ENABLE_DEBUG_INFO = NO;
				MTL_FAST_MATH = YES;
				SDKROOT = iphoneos;
				SWIFT_COMPILATION_MODE = wholemodule;
				SWIFT_OPTIMIZATION_LEVEL = "-O";
				VALIDATE_PRODUCT = YES;
			};
			name = Release;
		};
		88D697ED269E809000C8D12B /* Debug */ = {
			isa = XCBuildConfiguration;
			buildSettings = {
				ASSETCATALOG_COMPILER_APPICON_NAME = AppIcon;
				ASSETCATALOG_COMPILER_GLOBAL_ACCENT_COLOR_NAME = AccentColor;
				CODE_SIGN_IDENTITY = "iPhone Developer";
				CODE_SIGN_STYLE = Manual;
				DEVELOPMENT_TEAM = ZR4J65G48C;
				INFOPLIST_FILE = SwiftMD5Demo/Info.plist;
				LD_RUNPATH_SEARCH_PATHS = (
					"$(inherited)",
					"@executable_path/Frameworks",
				);
				PRODUCT_BUNDLE_IDENTIFIER = com.speos.test;
				PRODUCT_NAME = "$(TARGET_NAME)";
				PROVISIONING_PROFILE_SPECIFIER = speos_test;
				SWIFT_VERSION = 5.0;
				TARGETED_DEVICE_FAMILY = "1,2";
			};
			name = Debug;
		};
		88D697EE269E809000C8D12B /* Release */ = {
			isa = XCBuildConfiguration;
			buildSettings = {
				ASSETCATALOG_COMPILER_APPICON_NAME = AppIcon;
				ASSETCATALOG_COMPILER_GLOBAL_ACCENT_COLOR_NAME = AccentColor;
				CODE_SIGN_IDENTITY = "iPhone Developer";
				CODE_SIGN_STYLE = Manual;
				DEVELOPMENT_TEAM = ZR4J65G48C;
				INFOPLIST_FILE = SwiftMD5Demo/Info.plist;
				LD_RUNPATH_SEARCH_PATHS = (
					"$(inherited)",
					"@executable_path/Frameworks",
				);
				PRODUCT_BUNDLE_IDENTIFIER = com.speos.test;
				PRODUCT_NAME = "$(TARGET_NAME)";
				PROVISIONING_PROFILE_SPECIFIER = speos_test;
				SWIFT_VERSION = 5.0;
				TARGETED_DEVICE_FAMILY = "1,2";
			};
			name = Release;
		};
		88D697F0269E809000C8D12B /* Debug */ = {
			isa = XCBuildConfiguration;
			buildSettings = {
				ALWAYS_EMBED_SWIFT_STANDARD_LIBRARIES = YES;
				BUNDLE_LOADER = "$(TEST_HOST)";
				CODE_SIGN_STYLE = Automatic;
				INFOPLIST_FILE = SwiftMD5DemoTests/Info.plist;
				IPHONEOS_DEPLOYMENT_TARGET = 14.5;
				LD_RUNPATH_SEARCH_PATHS = (
					"$(inherited)",
					"@executable_path/Frameworks",
					"@loader_path/Frameworks",
				);
				PRODUCT_BUNDLE_IDENTIFIER = Ios.SwiftMD5DemoTests;
				PRODUCT_NAME = "$(TARGET_NAME)";
				SWIFT_VERSION = 5.0;
				TARGETED_DEVICE_FAMILY = "1,2";
				TEST_HOST = "$(BUILT_PRODUCTS_DIR)/SwiftMD5Demo.app/SwiftMD5Demo";
			};
			name = Debug;
		};
		88D697F1269E809000C8D12B /* Release */ = {
			isa = XCBuildConfiguration;
			buildSettings = {
				ALWAYS_EMBED_SWIFT_STANDARD_LIBRARIES = YES;
				BUNDLE_LOADER = "$(TEST_HOST)";
				CODE_SIGN_STYLE = Automatic;
				INFOPLIST_FILE = SwiftMD5DemoTests/Info.plist;
				IPHONEOS_DEPLOYMENT_TARGET = 14.5;
				LD_RUNPATH_SEARCH_PATHS = (
					"$(inherited)",
					"@executable_path/Frameworks",
					"@loader_path/Frameworks",
				);
				PRODUCT_BUNDLE_IDENTIFIER = Ios.SwiftMD5DemoTests;
				PRODUCT_NAME = "$(TARGET_NAME)";
				SWIFT_VERSION = 5.0;
				TARGETED_DEVICE_FAMILY = "1,2";
				TEST_HOST = "$(BUILT_PRODUCTS_DIR)/SwiftMD5Demo.app/SwiftMD5Demo";
			};
			name = Release;
		};
		88D697F3269E809000C8D12B /* Debug */ = {
			isa = XCBuildConfiguration;
			buildSettings = {
				ALWAYS_EMBED_SWIFT_STANDARD_LIBRARIES = YES;
				CODE_SIGN_STYLE = Automatic;
				INFOPLIST_FILE = SwiftMD5DemoUITests/Info.plist;
				LD_RUNPATH_SEARCH_PATHS = (
					"$(inherited)",
					"@executable_path/Frameworks",
					"@loader_path/Frameworks",
				);
				PRODUCT_BUNDLE_IDENTIFIER = Ios.SwiftMD5DemoUITests;
				PRODUCT_NAME = "$(TARGET_NAME)";
				SWIFT_VERSION = 5.0;
				TARGETED_DEVICE_FAMILY = "1,2";
				TEST_TARGET_NAME = SwiftMD5Demo;
			};
			name = Debug;
		};
		88D697F4269E809000C8D12B /* Release */ = {
			isa = XCBuildConfiguration;
			buildSettings = {
				ALWAYS_EMBED_SWIFT_STANDARD_LIBRARIES = YES;
				CODE_SIGN_STYLE = Automatic;
				INFOPLIST_FILE = SwiftMD5DemoUITests/Info.plist;
				LD_RUNPATH_SEARCH_PATHS = (
					"$(inherited)",
					"@executable_path/Frameworks",
					"@loader_path/Frameworks",
				);
				PRODUCT_BUNDLE_IDENTIFIER = Ios.SwiftMD5DemoUITests;
				PRODUCT_NAME = "$(TARGET_NAME)";
				SWIFT_VERSION = 5.0;
				TARGETED_DEVICE_FAMILY = "1,2";
				TEST_TARGET_NAME = SwiftMD5Demo;
			};
			name = Release;
		};
/* End XCBuildConfiguration section */

/* Begin XCConfigurationList section */
		88D697BD269E808F00C8D12B /* Build configuration list for PBXProject "SwiftMD5Demo" */ = {
			isa = XCConfigurationList;
			buildConfigurations = (
				88D697EA269E809000C8D12B /* Debug */,
				88D697EB269E809000C8D12B /* Release */,
			);
			defaultConfigurationIsVisible = 0;
			defaultConfigurationName = Release;
		};
		88D697EC269E809000C8D12B /* Build configuration list for PBXNativeTarget "SwiftMD5Demo" */ = {
			isa = XCConfigurationList;
			buildConfigurations = (
				88D697ED269E809000C8D12B /* Debug */,
				88D697EE269E809000C8D12B /* Release */,
			);
			defaultConfigurationIsVisible = 0;
			defaultConfigurationName = Release;
		};
		88D697EF269E809000C8D12B /* Build configuration list for PBXNativeTarget "SwiftMD5DemoTests" */ = {
			isa = XCConfigurationList;
			buildConfigurations = (
				88D697F0269E809000C8D12B /* Debug */,
				88D697F1269E809000C8D12B /* Release */,
			);
			defaultConfigurationIsVisible = 0;
			defaultConfigurationName = Release;
		};
		88D697F2269E809000C8D12B /* Build configuration list for PBXNativeTarget "SwiftMD5DemoUITests" */ = {
			isa = XCConfigurationList;
			buildConfigurations = (
				88D697F3269E809000C8D12B /* Debug */,
				88D697F4269E809000C8D12B /* Release */,
			);
			defaultConfigurationIsVisible = 0;
			defaultConfigurationName = Release;
		};
/* End XCConfigurationList section */
	};
	rootObject = 88D697BA269E808F00C8D12B /* Project object */;
}
